
Microsoft Visual Studio Solution File, Format Version 12.00
# Visual Studio Version 17
VisualStudioVersion = 17.11.35431.28
MinimumVisualStudioVersion = 10.0.40219.1
Project("{2150E333-8FDC-42A3-9474-1A3956D46DE8}") = "Week1", "Week1", "{C597D9AD-D657-4C68-AC4D-6D8E432279DC}"
EndProject
Project("{9A19103F-16F7-4668-BE54-9A1E7A4F7556}") = "CountSqaures", "Week1-Basics\CountSqaures\CountSqaures.csproj", "{BBBD9AD0-D2D1-477D-BD17-C32E613BA37D}"
EndProject
Project("{9A19103F-16F7-4668-BE54-9A1E7A4F7556}") = "CountDigits", "Week1-Basics\CountDigits\CountDigits.csproj", "{F1A1A146-36B8-4B5D-8202-DFC2F97C09C3}"
EndProject
Project("{9A19103F-16F7-4668-BE54-9A1E7A4F7556}") = "ArmstrongNumbers", "Week1-Basics\ArmstrongNumbers\ArmstrongNumbers.csproj", "{47856F97-57D8-4D03-9126-EF56966225D8}"
EndProject
Project("{9A19103F-16F7-4668-BE54-9A1E7A4F7556}") = "ReversingTheequation", "Week1-Basics\ReversingTheequation\ReversingTheequation.csproj", "{FF74C32A-3678-4CB9-8DBB-9028114B6573}"
EndProject
Project("{9A19103F-16F7-4668-BE54-9A1E7A4F7556}") = "AllDivisorsOfANumber", "Week1-Basics\AllDivisorsOfANumber\AllDivisorsOfANumber.csproj", "{ECC4E464-592D-4D2E-BF38-5B0B0A0460C8}"
EndProject
Project("{9A19103F-16F7-4668-BE54-9A1E7A4F7556}") = "SumofDigitisPallindromeorNot", "Week1-Basics\SumofDigitisPallindromeorNot\SumofDigitisPallindromeorNot.csproj", "{9A6B5CB0-EFE9-4B59-A2A3-6E2FBE241C7F}"
EndProject
Project("{9A19103F-16F7-4668-BE54-9A1E7A4F7556}") = "AddDigitsLC", "Week1-Basics\AddDigitsLC\AddDigitsLC.csproj", "{E26E8D11-6430-4F71-A665-7278A0DF5C10}"
EndProject
Project("{9A19103F-16F7-4668-BE54-9A1E7A4F7556}") = "SumOfAllPrimeNumbersBetween1AndN", "Week1-Basics\SumOfAllPrimeNumbersBetween1AndN\SumOfAllPrimeNumbersBetween1AndN.csproj", "{9979BDB2-92DA-41A0-A43A-D16915AE1733}"
EndProject
Project("{9A19103F-16F7-4668-BE54-9A1E7A4F7556}") = "SquaresOfSortedArray", "Week1-Basics\SquaresOfSortedArray\SquaresOfSortedArray.csproj", "{AD8FDBAE-3C65-4330-81BC-9902B8A20673}"
EndProject
Project("{2150E333-8FDC-42A3-9474-1A3956D46DE8}") = "Week2", "Week2", "{ACBC190B-AD33-411E-841E-E0E4C5B39160}"
EndProject
Project("{9A19103F-16F7-4668-BE54-9A1E7A4F7556}") = "FindFirstandLastPositionofElementinSortedArray", "Week2-Searching-Sorting\FindFirstandLastPositionofElementinSortedArray\FindFirstandLastPositionofElementinSortedArray.csproj", "{11D02A1A-E1EE-424C-83BD-304C22D36441}"
EndProject
Project("{9A19103F-16F7-4668-BE54-9A1E7A4F7556}") = "SearchinRotatedSortedArrayII", "Week2-Searching-Sorting\SearchinRotatedSortedArrayII\SearchinRotatedSortedArrayII.csproj", "{84437EDB-C24C-4ACB-8EBE-2B99BBDDF985}"
EndProject
Project("{9A19103F-16F7-4668-BE54-9A1E7A4F7556}") = "FindMinimuminRotatedSortedArrayII", "Week2-Searching-Sorting\FindMinimuminRotatedSortedArrayII\FindMinimuminRotatedSortedArrayII.csproj", "{35FE35A4-490D-4940-AA67-3ADCBEAF8EAC}"
EndProject
Project("{9A19103F-16F7-4668-BE54-9A1E7A4F7556}") = "FindPeakElement", "Week2-Searching-Sorting\FindPeakElement\FindPeakElement.csproj", "{AB75F37F-4967-41FB-B9D8-93E4378D93C8}"
EndProject
Project("{9A19103F-16F7-4668-BE54-9A1E7A4F7556}") = "ArrayDuplicates", "Week2-Searching-Sorting\ArrayDuplicates\ArrayDuplicates.csproj", "{A5661A8D-4148-4958-A91C-22C59F701ECE}"
EndProject
Project("{9A19103F-16F7-4668-BE54-9A1E7A4F7556}") = "SingleElementinaSortedArray", "Week2-Searching-Sorting\SingleElementinaSortedArray\SingleElementinaSortedArray.csproj", "{82E04AEB-1F70-42E3-BA7D-135CB468E932}"
EndProject
Project("{9A19103F-16F7-4668-BE54-9A1E7A4F7556}") = "KthSmallestElementInArray", "Week2-Searching-Sorting\KthSmallestElementInArray\KthSmallestElementInArray.csproj", "{CD394AB8-B796-40C5-9298-EFF6E18713E3}"
EndProject
Project("{9A19103F-16F7-4668-BE54-9A1E7A4F7556}") = "KthSmallestElementinaSortedMatrix", "Week2-Searching-Sorting\KthSmallestElementinaSortedMatrix\KthSmallestElementinaSortedMatrix.csproj", "{9961AB98-AE1E-44B4-BEFA-4BDD981CA8F3}"
EndProject
Project("{2150E333-8FDC-42A3-9474-1A3956D46DE8}") = "Week3", "Week3", "{A9951ED2-3E9B-4B9E-88C5-E6A9514F8F8A}"
EndProject
Project("{9A19103F-16F7-4668-BE54-9A1E7A4F7556}") = "WaveArray", "Week3-Array-String\WaveArray\WaveArray.csproj", "{74BFAD30-6BD7-4306-80B1-4500754A69C8}"
EndProject
Project("{9A19103F-16F7-4668-BE54-9A1E7A4F7556}") = "EquilibriumPoint", "Week3-Array-String\EquilibriumPoint\EquilibriumPoint.csproj", "{6909CA52-0450-4010-930F-C7C351AF9DEE}"
EndProject
Project("{9A19103F-16F7-4668-BE54-9A1E7A4F7556}") = "MissingInArray", "Week3-Array-String\MissingInArray\MissingInArray.csproj", "{35D9F35F-39AA-45F2-87DD-13CB5E3E1B3F}"
EndProject
Project("{FAE04EC0-301F-11D3-BF4B-00C04F79EFBC}") = "MaximumNestingDepthoftheParentheses", "Week3-Array-String\MaximumNestingDepthoftheParentheses\MaximumNestingDepthoftheParentheses.csproj", "{F5DC15CA-A37E-4919-ACEA-3D6B2FFA11A4}"
EndProject
Project("{FAE04EC0-301F-11D3-BF4B-00C04F79EFBC}") = "RomanToInteger", "Week3-Array-String\RomanToInteger\RomanToInteger.csproj", "{05DC821A-BF57-4F62-BA49-A5849C48415C}"
EndProject
Project("{FAE04EC0-301F-11D3-BF4B-00C04F79EFBC}") = "IsomorphicStrings", "Week3-Array-String\IsomorphicStrings\IsomorphicStrings.csproj", "{D700D04D-1D5C-4393-8273-AC70ECFA3BF5}"
EndProject
Project("{FAE04EC0-301F-11D3-BF4B-00C04F79EFBC}") = "ValidAnagram", "Week3-Array-String\ValidAnagram\ValidAnagram.csproj", "{0869084C-F032-47AD-93C9-AD9FAE4AFD60}"
EndProject
Project("{FAE04EC0-301F-11D3-BF4B-00C04F79EFBC}") = "MaxChunksToMakeSorted", "Week3-Array-String\MaxChunksToMakeSorted\MaxChunksToMakeSorted.csproj", "{D4404FE0-9F6A-49CB-8334-001064CCD7EC}"
EndProject
Project("{FAE04EC0-301F-11D3-BF4B-00C04F79EFBC}") = "MinimumSwapsAndKTogether", "Week3-Array-String\MinimumSwapsAndKTogether\MinimumSwapsAndKTogether.csproj", "{DB509406-E2E9-4942-B17E-381746F9A779}"
EndProject
Project("{FAE04EC0-301F-11D3-BF4B-00C04F79EFBC}") = "RotateArray", "Week3-Array-String\RotateArray\RotateArray.csproj", "{E002AE74-1708-4D73-80CF-0CB0C6BF53E3}"
EndProject
Project("{FAE04EC0-301F-11D3-BF4B-00C04F79EFBC}") = "SumOfSubarrays", "Week3-Array-String\SumOfSubarrays\SumOfSubarrays.csproj", "{EB1A1B1E-2A80-4CF9-8811-ACF5487CF749}"
EndProject
Project("{FAE04EC0-301F-11D3-BF4B-00C04F79EFBC}") = "SearchA2DMatrix", "Week2-Searching-Sorting\SearchA2DMatrix\SearchA2DMatrix.csproj", "{7D73904C-82A2-4E1B-B0AD-CDD0F5E2432C}"
EndProject
Global
	GlobalSection(SolutionConfigurationPlatforms) = preSolution
		Debug|Any CPU = Debug|Any CPU
		Release|Any CPU = Release|Any CPU
	EndGlobalSection
	GlobalSection(ProjectConfigurationPlatforms) = postSolution
		{BBBD9AD0-D2D1-477D-BD17-C32E613BA37D}.Debug|Any CPU.ActiveCfg = Debug|Any CPU
		{BBBD9AD0-D2D1-477D-BD17-C32E613BA37D}.Debug|Any CPU.Build.0 = Debug|Any CPU
		{BBBD9AD0-D2D1-477D-BD17-C32E613BA37D}.Release|Any CPU.ActiveCfg = Release|Any CPU
		{BBBD9AD0-D2D1-477D-BD17-C32E613BA37D}.Release|Any CPU.Build.0 = Release|Any CPU
		{F1A1A146-36B8-4B5D-8202-DFC2F97C09C3}.Debug|Any CPU.ActiveCfg = Debug|Any CPU
		{F1A1A146-36B8-4B5D-8202-DFC2F97C09C3}.Debug|Any CPU.Build.0 = Debug|Any CPU
		{F1A1A146-36B8-4B5D-8202-DFC2F97C09C3}.Release|Any CPU.ActiveCfg = Release|Any CPU
		{F1A1A146-36B8-4B5D-8202-DFC2F97C09C3}.Release|Any CPU.Build.0 = Release|Any CPU
		{47856F97-57D8-4D03-9126-EF56966225D8}.Debug|Any CPU.ActiveCfg = Debug|Any CPU
		{47856F97-57D8-4D03-9126-EF56966225D8}.Debug|Any CPU.Build.0 = Debug|Any CPU
		{47856F97-57D8-4D03-9126-EF56966225D8}.Release|Any CPU.ActiveCfg = Release|Any CPU
		{47856F97-57D8-4D03-9126-EF56966225D8}.Release|Any CPU.Build.0 = Release|Any CPU
		{FF74C32A-3678-4CB9-8DBB-9028114B6573}.Debug|Any CPU.ActiveCfg = Debug|Any CPU
		{FF74C32A-3678-4CB9-8DBB-9028114B6573}.Debug|Any CPU.Build.0 = Debug|Any CPU
		{FF74C32A-3678-4CB9-8DBB-9028114B6573}.Release|Any CPU.ActiveCfg = Release|Any CPU
		{FF74C32A-3678-4CB9-8DBB-9028114B6573}.Release|Any CPU.Build.0 = Release|Any CPU
		{ECC4E464-592D-4D2E-BF38-5B0B0A0460C8}.Debug|Any CPU.ActiveCfg = Debug|Any CPU
		{ECC4E464-592D-4D2E-BF38-5B0B0A0460C8}.Debug|Any CPU.Build.0 = Debug|Any CPU
		{ECC4E464-592D-4D2E-BF38-5B0B0A0460C8}.Release|Any CPU.ActiveCfg = Release|Any CPU
		{ECC4E464-592D-4D2E-BF38-5B0B0A0460C8}.Release|Any CPU.Build.0 = Release|Any CPU
		{9A6B5CB0-EFE9-4B59-A2A3-6E2FBE241C7F}.Debug|Any CPU.ActiveCfg = Debug|Any CPU
		{9A6B5CB0-EFE9-4B59-A2A3-6E2FBE241C7F}.Debug|Any CPU.Build.0 = Debug|Any CPU
		{9A6B5CB0-EFE9-4B59-A2A3-6E2FBE241C7F}.Release|Any CPU.ActiveCfg = Release|Any CPU
		{9A6B5CB0-EFE9-4B59-A2A3-6E2FBE241C7F}.Release|Any CPU.Build.0 = Release|Any CPU
		{E26E8D11-6430-4F71-A665-7278A0DF5C10}.Debug|Any CPU.ActiveCfg = Debug|Any CPU
		{E26E8D11-6430-4F71-A665-7278A0DF5C10}.Debug|Any CPU.Build.0 = Debug|Any CPU
		{E26E8D11-6430-4F71-A665-7278A0DF5C10}.Release|Any CPU.ActiveCfg = Release|Any CPU
		{E26E8D11-6430-4F71-A665-7278A0DF5C10}.Release|Any CPU.Build.0 = Release|Any CPU
		{9979BDB2-92DA-41A0-A43A-D16915AE1733}.Debug|Any CPU.ActiveCfg = Debug|Any CPU
		{9979BDB2-92DA-41A0-A43A-D16915AE1733}.Debug|Any CPU.Build.0 = Debug|Any CPU
		{9979BDB2-92DA-41A0-A43A-D16915AE1733}.Release|Any CPU.ActiveCfg = Release|Any CPU
		{9979BDB2-92DA-41A0-A43A-D16915AE1733}.Release|Any CPU.Build.0 = Release|Any CPU
		{AD8FDBAE-3C65-4330-81BC-9902B8A20673}.Debug|Any CPU.ActiveCfg = Debug|Any CPU
		{AD8FDBAE-3C65-4330-81BC-9902B8A20673}.Debug|Any CPU.Build.0 = Debug|Any CPU
		{AD8FDBAE-3C65-4330-81BC-9902B8A20673}.Release|Any CPU.ActiveCfg = Release|Any CPU
		{AD8FDBAE-3C65-4330-81BC-9902B8A20673}.Release|Any CPU.Build.0 = Release|Any CPU
		{11D02A1A-E1EE-424C-83BD-304C22D36441}.Debug|Any CPU.ActiveCfg = Debug|Any CPU
		{11D02A1A-E1EE-424C-83BD-304C22D36441}.Debug|Any CPU.Build.0 = Debug|Any CPU
		{11D02A1A-E1EE-424C-83BD-304C22D36441}.Release|Any CPU.ActiveCfg = Release|Any CPU
		{11D02A1A-E1EE-424C-83BD-304C22D36441}.Release|Any CPU.Build.0 = Release|Any CPU
		{84437EDB-C24C-4ACB-8EBE-2B99BBDDF985}.Debug|Any CPU.ActiveCfg = Debug|Any CPU
		{84437EDB-C24C-4ACB-8EBE-2B99BBDDF985}.Debug|Any CPU.Build.0 = Debug|Any CPU
		{84437EDB-C24C-4ACB-8EBE-2B99BBDDF985}.Release|Any CPU.ActiveCfg = Release|Any CPU
		{84437EDB-C24C-4ACB-8EBE-2B99BBDDF985}.Release|Any CPU.Build.0 = Release|Any CPU
		{35FE35A4-490D-4940-AA67-3ADCBEAF8EAC}.Debug|Any CPU.ActiveCfg = Debug|Any CPU
		{35FE35A4-490D-4940-AA67-3ADCBEAF8EAC}.Debug|Any CPU.Build.0 = Debug|Any CPU
		{35FE35A4-490D-4940-AA67-3ADCBEAF8EAC}.Release|Any CPU.ActiveCfg = Release|Any CPU
		{35FE35A4-490D-4940-AA67-3ADCBEAF8EAC}.Release|Any CPU.Build.0 = Release|Any CPU
		{AB75F37F-4967-41FB-B9D8-93E4378D93C8}.Debug|Any CPU.ActiveCfg = Debug|Any CPU
		{AB75F37F-4967-41FB-B9D8-93E4378D93C8}.Debug|Any CPU.Build.0 = Debug|Any CPU
		{AB75F37F-4967-41FB-B9D8-93E4378D93C8}.Release|Any CPU.ActiveCfg = Release|Any CPU
		{AB75F37F-4967-41FB-B9D8-93E4378D93C8}.Release|Any CPU.Build.0 = Release|Any CPU
		{A5661A8D-4148-4958-A91C-22C59F701ECE}.Debug|Any CPU.ActiveCfg = Debug|Any CPU
		{A5661A8D-4148-4958-A91C-22C59F701ECE}.Debug|Any CPU.Build.0 = Debug|Any CPU
		{A5661A8D-4148-4958-A91C-22C59F701ECE}.Release|Any CPU.ActiveCfg = Release|Any CPU
		{A5661A8D-4148-4958-A91C-22C59F701ECE}.Release|Any CPU.Build.0 = Release|Any CPU
		{82E04AEB-1F70-42E3-BA7D-135CB468E932}.Debug|Any CPU.ActiveCfg = Debug|Any CPU
		{82E04AEB-1F70-42E3-BA7D-135CB468E932}.Debug|Any CPU.Build.0 = Debug|Any CPU
		{82E04AEB-1F70-42E3-BA7D-135CB468E932}.Release|Any CPU.ActiveCfg = Release|Any CPU
		{82E04AEB-1F70-42E3-BA7D-135CB468E932}.Release|Any CPU.Build.0 = Release|Any CPU
		{CD394AB8-B796-40C5-9298-EFF6E18713E3}.Debug|Any CPU.ActiveCfg = Debug|Any CPU
		{CD394AB8-B796-40C5-9298-EFF6E18713E3}.Debug|Any CPU.Build.0 = Debug|Any CPU
		{CD394AB8-B796-40C5-9298-EFF6E18713E3}.Release|Any CPU.ActiveCfg = Release|Any CPU
		{CD394AB8-B796-40C5-9298-EFF6E18713E3}.Release|Any CPU.Build.0 = Release|Any CPU
		{9961AB98-AE1E-44B4-BEFA-4BDD981CA8F3}.Debug|Any CPU.ActiveCfg = Debug|Any CPU
		{9961AB98-AE1E-44B4-BEFA-4BDD981CA8F3}.Debug|Any CPU.Build.0 = Debug|Any CPU
		{9961AB98-AE1E-44B4-BEFA-4BDD981CA8F3}.Release|Any CPU.ActiveCfg = Release|Any CPU
		{9961AB98-AE1E-44B4-BEFA-4BDD981CA8F3}.Release|Any CPU.Build.0 = Release|Any CPU
		{74BFAD30-6BD7-4306-80B1-4500754A69C8}.Debug|Any CPU.ActiveCfg = Debug|Any CPU
		{74BFAD30-6BD7-4306-80B1-4500754A69C8}.Debug|Any CPU.Build.0 = Debug|Any CPU
		{74BFAD30-6BD7-4306-80B1-4500754A69C8}.Release|Any CPU.ActiveCfg = Release|Any CPU
		{74BFAD30-6BD7-4306-80B1-4500754A69C8}.Release|Any CPU.Build.0 = Release|Any CPU
		{6909CA52-0450-4010-930F-C7C351AF9DEE}.Debug|Any CPU.ActiveCfg = Debug|Any CPU
		{6909CA52-0450-4010-930F-C7C351AF9DEE}.Debug|Any CPU.Build.0 = Debug|Any CPU
		{6909CA52-0450-4010-930F-C7C351AF9DEE}.Release|Any CPU.ActiveCfg = Release|Any CPU
		{6909CA52-0450-4010-930F-C7C351AF9DEE}.Release|Any CPU.Build.0 = Release|Any CPU
		{35D9F35F-39AA-45F2-87DD-13CB5E3E1B3F}.Debug|Any CPU.ActiveCfg = Debug|Any CPU
		{35D9F35F-39AA-45F2-87DD-13CB5E3E1B3F}.Debug|Any CPU.Build.0 = Debug|Any CPU
		{35D9F35F-39AA-45F2-87DD-13CB5E3E1B3F}.Release|Any CPU.ActiveCfg = Release|Any CPU
		{35D9F35F-39AA-45F2-87DD-13CB5E3E1B3F}.Release|Any CPU.Build.0 = Release|Any CPU
		{F5DC15CA-A37E-4919-ACEA-3D6B2FFA11A4}.Debug|Any CPU.ActiveCfg = Debug|Any CPU
		{F5DC15CA-A37E-4919-ACEA-3D6B2FFA11A4}.Debug|Any CPU.Build.0 = Debug|Any CPU
		{F5DC15CA-A37E-4919-ACEA-3D6B2FFA11A4}.Release|Any CPU.ActiveCfg = Release|Any CPU
		{F5DC15CA-A37E-4919-ACEA-3D6B2FFA11A4}.Release|Any CPU.Build.0 = Release|Any CPU
		{05DC821A-BF57-4F62-BA49-A5849C48415C}.Debug|Any CPU.ActiveCfg = Debug|Any CPU
		{05DC821A-BF57-4F62-BA49-A5849C48415C}.Debug|Any CPU.Build.0 = Debug|Any CPU
		{05DC821A-BF57-4F62-BA49-A5849C48415C}.Release|Any CPU.ActiveCfg = Release|Any CPU
		{05DC821A-BF57-4F62-BA49-A5849C48415C}.Release|Any CPU.Build.0 = Release|Any CPU
		{D700D04D-1D5C-4393-8273-AC70ECFA3BF5}.Debug|Any CPU.ActiveCfg = Debug|Any CPU
		{D700D04D-1D5C-4393-8273-AC70ECFA3BF5}.Debug|Any CPU.Build.0 = Debug|Any CPU
		{D700D04D-1D5C-4393-8273-AC70ECFA3BF5}.Release|Any CPU.ActiveCfg = Release|Any CPU
		{D700D04D-1D5C-4393-8273-AC70ECFA3BF5}.Release|Any CPU.Build.0 = Release|Any CPU
		{0869084C-F032-47AD-93C9-AD9FAE4AFD60}.Debug|Any CPU.ActiveCfg = Debug|Any CPU
		{0869084C-F032-47AD-93C9-AD9FAE4AFD60}.Debug|Any CPU.Build.0 = Debug|Any CPU
		{0869084C-F032-47AD-93C9-AD9FAE4AFD60}.Release|Any CPU.ActiveCfg = Release|Any CPU
		{0869084C-F032-47AD-93C9-AD9FAE4AFD60}.Release|Any CPU.Build.0 = Release|Any CPU
		{D4404FE0-9F6A-49CB-8334-001064CCD7EC}.Debug|Any CPU.ActiveCfg = Debug|Any CPU
		{D4404FE0-9F6A-49CB-8334-001064CCD7EC}.Debug|Any CPU.Build.0 = Debug|Any CPU
		{D4404FE0-9F6A-49CB-8334-001064CCD7EC}.Release|Any CPU.ActiveCfg = Release|Any CPU
		{D4404FE0-9F6A-49CB-8334-001064CCD7EC}.Release|Any CPU.Build.0 = Release|Any CPU
		{DB509406-E2E9-4942-B17E-381746F9A779}.Debug|Any CPU.ActiveCfg = Debug|Any CPU
		{DB509406-E2E9-4942-B17E-381746F9A779}.Debug|Any CPU.Build.0 = Debug|Any CPU
		{DB509406-E2E9-4942-B17E-381746F9A779}.Release|Any CPU.ActiveCfg = Release|Any CPU
		{DB509406-E2E9-4942-B17E-381746F9A779}.Release|Any CPU.Build.0 = Release|Any CPU
		{E002AE74-1708-4D73-80CF-0CB0C6BF53E3}.Debug|Any CPU.ActiveCfg = Debug|Any CPU
		{E002AE74-1708-4D73-80CF-0CB0C6BF53E3}.Debug|Any CPU.Build.0 = Debug|Any CPU
		{E002AE74-1708-4D73-80CF-0CB0C6BF53E3}.Release|Any CPU.ActiveCfg = Release|Any CPU
		{E002AE74-1708-4D73-80CF-0CB0C6BF53E3}.Release|Any CPU.Build.0 = Release|Any CPU
		{EB1A1B1E-2A80-4CF9-8811-ACF5487CF749}.Debug|Any CPU.ActiveCfg = Debug|Any CPU
		{EB1A1B1E-2A80-4CF9-8811-ACF5487CF749}.Debug|Any CPU.Build.0 = Debug|Any CPU
		{EB1A1B1E-2A80-4CF9-8811-ACF5487CF749}.Release|Any CPU.ActiveCfg = Release|Any CPU
		{EB1A1B1E-2A80-4CF9-8811-ACF5487CF749}.Release|Any CPU.Build.0 = Release|Any CPU
		{7D73904C-82A2-4E1B-B0AD-CDD0F5E2432C}.Debug|Any CPU.ActiveCfg = Debug|Any CPU
		{7D73904C-82A2-4E1B-B0AD-CDD0F5E2432C}.Debug|Any CPU.Build.0 = Debug|Any CPU
		{7D73904C-82A2-4E1B-B0AD-CDD0F5E2432C}.Release|Any CPU.ActiveCfg = Release|Any CPU
		{7D73904C-82A2-4E1B-B0AD-CDD0F5E2432C}.Release|Any CPU.Build.0 = Release|Any CPU
	EndGlobalSection
	GlobalSection(SolutionProperties) = preSolution
		HideSolutionNode = FALSE
	EndGlobalSection
	GlobalSection(NestedProjects) = preSolution
		{BBBD9AD0-D2D1-477D-BD17-C32E613BA37D} = {C597D9AD-D657-4C68-AC4D-6D8E432279DC}
		{F1A1A146-36B8-4B5D-8202-DFC2F97C09C3} = {C597D9AD-D657-4C68-AC4D-6D8E432279DC}
		{47856F97-57D8-4D03-9126-EF56966225D8} = {C597D9AD-D657-4C68-AC4D-6D8E432279DC}
		{FF74C32A-3678-4CB9-8DBB-9028114B6573} = {C597D9AD-D657-4C68-AC4D-6D8E432279DC}
		{ECC4E464-592D-4D2E-BF38-5B0B0A0460C8} = {C597D9AD-D657-4C68-AC4D-6D8E432279DC}
		{9A6B5CB0-EFE9-4B59-A2A3-6E2FBE241C7F} = {C597D9AD-D657-4C68-AC4D-6D8E432279DC}
		{E26E8D11-6430-4F71-A665-7278A0DF5C10} = {C597D9AD-D657-4C68-AC4D-6D8E432279DC}
		{9979BDB2-92DA-41A0-A43A-D16915AE1733} = {C597D9AD-D657-4C68-AC4D-6D8E432279DC}
		{AD8FDBAE-3C65-4330-81BC-9902B8A20673} = {C597D9AD-D657-4C68-AC4D-6D8E432279DC}
		{11D02A1A-E1EE-424C-83BD-304C22D36441} = {ACBC190B-AD33-411E-841E-E0E4C5B39160}
		{84437EDB-C24C-4ACB-8EBE-2B99BBDDF985} = {ACBC190B-AD33-411E-841E-E0E4C5B39160}
		{35FE35A4-490D-4940-AA67-3ADCBEAF8EAC} = {ACBC190B-AD33-411E-841E-E0E4C5B39160}
		{AB75F37F-4967-41FB-B9D8-93E4378D93C8} = {ACBC190B-AD33-411E-841E-E0E4C5B39160}
		{A5661A8D-4148-4958-A91C-22C59F701ECE} = {ACBC190B-AD33-411E-841E-E0E4C5B39160}
		{82E04AEB-1F70-42E3-BA7D-135CB468E932} = {ACBC190B-AD33-411E-841E-E0E4C5B39160}
		{CD394AB8-B796-40C5-9298-EFF6E18713E3} = {ACBC190B-AD33-411E-841E-E0E4C5B39160}
		{9961AB98-AE1E-44B4-BEFA-4BDD981CA8F3} = {ACBC190B-AD33-411E-841E-E0E4C5B39160}
		{74BFAD30-6BD7-4306-80B1-4500754A69C8} = {A9951ED2-3E9B-4B9E-88C5-E6A9514F8F8A}
		{6909CA52-0450-4010-930F-C7C351AF9DEE} = {A9951ED2-3E9B-4B9E-88C5-E6A9514F8F8A}
		{35D9F35F-39AA-45F2-87DD-13CB5E3E1B3F} = {A9951ED2-3E9B-4B9E-88C5-E6A9514F8F8A}
		{F5DC15CA-A37E-4919-ACEA-3D6B2FFA11A4} = {A9951ED2-3E9B-4B9E-88C5-E6A9514F8F8A}
		{05DC821A-BF57-4F62-BA49-A5849C48415C} = {A9951ED2-3E9B-4B9E-88C5-E6A9514F8F8A}
		{D700D04D-1D5C-4393-8273-AC70ECFA3BF5} = {A9951ED2-3E9B-4B9E-88C5-E6A9514F8F8A}
		{0869084C-F032-47AD-93C9-AD9FAE4AFD60} = {A9951ED2-3E9B-4B9E-88C5-E6A9514F8F8A}
		{D4404FE0-9F6A-49CB-8334-001064CCD7EC} = {A9951ED2-3E9B-4B9E-88C5-E6A9514F8F8A}
		{DB509406-E2E9-4942-B17E-381746F9A779} = {A9951ED2-3E9B-4B9E-88C5-E6A9514F8F8A}
		{E002AE74-1708-4D73-80CF-0CB0C6BF53E3} = {A9951ED2-3E9B-4B9E-88C5-E6A9514F8F8A}
		{EB1A1B1E-2A80-4CF9-8811-ACF5487CF749} = {A9951ED2-3E9B-4B9E-88C5-E6A9514F8F8A}
		{7D73904C-82A2-4E1B-B0AD-CDD0F5E2432C} = {ACBC190B-AD33-411E-841E-E0E4C5B39160}
	EndGlobalSection
	GlobalSection(ExtensibilityGlobals) = postSolution
		SolutionGuid = {DC454811-3FC8-4DAA-882A-87CF627BB3B9}
	EndGlobalSection
EndGlobal
